// !$*UTF8*$!
{
	archiveVersion = 1;
	classes = {
	};
	objectVersion = 55;
	objects = {

/* Begin PBXBuildFile section */
		0927A13E2985F086001E4F79 /* FirebaseAuth in Frameworks */ = {isa = PBXBuildFile; productRef = 0927A13D2985F086001E4F79 /* FirebaseAuth */; };
		0927A1402985F086001E4F79 /* FirebaseFirestore in Frameworks */ = {isa = PBXBuildFile; productRef = 0927A13F2985F086001E4F79 /* FirebaseFirestore */; };
		0927A1422985F086001E4F79 /* FirebaseFirestoreSwift in Frameworks */ = {isa = PBXBuildFile; productRef = 0927A1412985F086001E4F79 /* FirebaseFirestoreSwift */; };
		0927A1442985F1AE001E4F79 /* GoogleService-Info.plist in Resources */ = {isa = PBXBuildFile; fileRef = 0927A1432985F1AE001E4F79 /* GoogleService-Info.plist */; };
		0927A1472985F22B001E4F79 /* FirebaseAnalytics in Frameworks */ = {isa = PBXBuildFile; productRef = 0927A1462985F22B001E4F79 /* FirebaseAnalytics */; };
		0927A1492985F2B7001E4F79 /* AppDelegate.swift in Sources */ = {isa = PBXBuildFile; fileRef = 0927A1482985F2B7001E4F79 /* AppDelegate.swift */; };
		659184B02985D29F00675CF5 /* bedtimestoryApp.swift in Sources */ = {isa = PBXBuildFile; fileRef = 659184AF2985D29F00675CF5 /* bedtimestoryApp.swift */; };
		659184B22985D29F00675CF5 /* ContentView.swift in Sources */ = {isa = PBXBuildFile; fileRef = 659184B12985D29F00675CF5 /* ContentView.swift */; };
		659184B42985D2A100675CF5 /* Assets.xcassets in Resources */ = {isa = PBXBuildFile; fileRef = 659184B32985D2A100675CF5 /* Assets.xcassets */; };
		659184B72985D2A100675CF5 /* Preview Assets.xcassets in Resources */ = {isa = PBXBuildFile; fileRef = 659184B62985D2A100675CF5 /* Preview Assets.xcassets */; };
		659184C12985DD9A00675CF5 /* RecordingListView.swift in Sources */ = {isa = PBXBuildFile; fileRef = 659184C02985DD9A00675CF5 /* RecordingListView.swift */; };
		659184C42985DDCD00675CF5 /* VoiceViewModel.swift in Sources */ = {isa = PBXBuildFile; fileRef = 659184C32985DDCD00675CF5 /* VoiceViewModel.swift */; };
		659184C72985DE3D00675CF5 /* Recording.swift in Sources */ = {isa = PBXBuildFile; fileRef = 659184C62985DE3D00675CF5 /* Recording.swift */; };
		659184CA2985DE8100675CF5 /* Time.swift in Sources */ = {isa = PBXBuildFile; fileRef = 659184C92985DE8100675CF5 /* Time.swift */; };
		659833162985EA7300931545 /* Book.swift in Sources */ = {isa = PBXBuildFile; fileRef = 659833152985EA7300931545 /* Book.swift */; };
/* End PBXBuildFile section */

/* Begin PBXFileReference section */
		0927A1432985F1AE001E4F79 /* GoogleService-Info.plist */ = {isa = PBXFileReference; fileEncoding = 4; lastKnownFileType = text.plist.xml; path = "GoogleService-Info.plist"; sourceTree = "<group>"; };
		0927A1482985F2B7001E4F79 /* AppDelegate.swift */ = {isa = PBXFileReference; lastKnownFileType = sourcecode.swift; path = AppDelegate.swift; sourceTree = "<group>"; };
		659184AC2985D29F00675CF5 /* bedtimestory.app */ = {isa = PBXFileReference; explicitFileType = wrapper.application; includeInIndex = 0; path = bedtimestory.app; sourceTree = BUILT_PRODUCTS_DIR; };
		659184AF2985D29F00675CF5 /* bedtimestoryApp.swift */ = {isa = PBXFileReference; lastKnownFileType = sourcecode.swift; path = bedtimestoryApp.swift; sourceTree = "<group>"; };
		659184B12985D29F00675CF5 /* ContentView.swift */ = {isa = PBXFileReference; lastKnownFileType = sourcecode.swift; path = ContentView.swift; sourceTree = "<group>"; };
		659184B32985D2A100675CF5 /* Assets.xcassets */ = {isa = PBXFileReference; lastKnownFileType = folder.assetcatalog; path = Assets.xcassets; sourceTree = "<group>"; };
		659184B62985D2A100675CF5 /* Preview Assets.xcassets */ = {isa = PBXFileReference; lastKnownFileType = folder.assetcatalog; path = "Preview Assets.xcassets"; sourceTree = "<group>"; };
		659184C02985DD9A00675CF5 /* RecordingListView.swift */ = {isa = PBXFileReference; lastKnownFileType = sourcecode.swift; path = RecordingListView.swift; sourceTree = "<group>"; };
		659184C32985DDCD00675CF5 /* VoiceViewModel.swift */ = {isa = PBXFileReference; lastKnownFileType = sourcecode.swift; path = VoiceViewModel.swift; sourceTree = "<group>"; };
		659184C62985DE3D00675CF5 /* Recording.swift */ = {isa = PBXFileReference; lastKnownFileType = sourcecode.swift; path = Recording.swift; sourceTree = "<group>"; };
		659184C92985DE8100675CF5 /* Time.swift */ = {isa = PBXFileReference; lastKnownFileType = sourcecode.swift; path = Time.swift; sourceTree = "<group>"; };
		659833152985EA7300931545 /* Book.swift */ = {isa = PBXFileReference; lastKnownFileType = sourcecode.swift; path = Book.swift; sourceTree = "<group>"; };
/* End PBXFileReference section */

/* Begin PBXFrameworksBuildPhase section */
		659184A92985D29F00675CF5 /* Frameworks */ = {
			isa = PBXFrameworksBuildPhase;
			buildActionMask = 2147483647;
			files = (
				0927A13E2985F086001E4F79 /* FirebaseAuth in Frameworks */,
				0927A1402985F086001E4F79 /* FirebaseFirestore in Frameworks */,
				0927A1472985F22B001E4F79 /* FirebaseAnalytics in Frameworks */,
				0927A1422985F086001E4F79 /* FirebaseFirestoreSwift in Frameworks */,
			);
			runOnlyForDeploymentPostprocessing = 0;
		};
/* End PBXFrameworksBuildPhase section */

/* Begin PBXGroup section */
		659184A32985D29F00675CF5 = {
			isa = PBXGroup;
			children = (
				659184AE2985D29F00675CF5 /* bedtimestory */,
				659184AD2985D29F00675CF5 /* Products */,
			);
			sourceTree = "<group>";
		};
		659184AD2985D29F00675CF5 /* Products */ = {
			isa = PBXGroup;
			children = (
				659184AC2985D29F00675CF5 /* bedtimestory.app */,
			);
			name = Products;
			sourceTree = "<group>";
		};
		659184AE2985D29F00675CF5 /* bedtimestory */ = {
			isa = PBXGroup;
			children = (
				659184C82985DE7400675CF5 /* Util */,
				659184C52985DE2D00675CF5 /* Models */,
				659184C22985DDBD00675CF5 /* ViewModels */,
				659184BF2985DD5B00675CF5 /* Views */,
				659184AF2985D29F00675CF5 /* bedtimestoryApp.swift */,
				659184B32985D2A100675CF5 /* Assets.xcassets */,
				0927A1432985F1AE001E4F79 /* GoogleService-Info.plist */,
				659184B52985D2A100675CF5 /* Preview Content */,
				0927A1482985F2B7001E4F79 /* AppDelegate.swift */,
			);
			path = bedtimestory;
			sourceTree = "<group>";
		};
		659184B52985D2A100675CF5 /* Preview Content */ = {
			isa = PBXGroup;
			children = (
				659184B62985D2A100675CF5 /* Preview Assets.xcassets */,
			);
			path = "Preview Content";
			sourceTree = "<group>";
		};
		659184BF2985DD5B00675CF5 /* Views */ = {
			isa = PBXGroup;
			children = (
				659184B12985D29F00675CF5 /* ContentView.swift */,
				659184C02985DD9A00675CF5 /* RecordingListView.swift */,
			);
			path = Views;
			sourceTree = "<group>";
		};
		659184C22985DDBD00675CF5 /* ViewModels */ = {
			isa = PBXGroup;
			children = (
				659184C32985DDCD00675CF5 /* VoiceViewModel.swift */,
			);
			path = ViewModels;
			sourceTree = "<group>";
		};
		659184C52985DE2D00675CF5 /* Models */ = {
			isa = PBXGroup;
			children = (
				659184C62985DE3D00675CF5 /* Recording.swift */,
				659833152985EA7300931545 /* Book.swift */,
			);
			path = Models;
			sourceTree = "<group>";
		};
		659184C82985DE7400675CF5 /* Util */ = {
			isa = PBXGroup;
			children = (
				659184C92985DE8100675CF5 /* Time.swift */,
			);
			path = Util;
			sourceTree = "<group>";
		};
/* End PBXGroup section */

/* Begin PBXNativeTarget section */
		659184AB2985D29F00675CF5 /* bedtimestory */ = {
			isa = PBXNativeTarget;
			buildConfigurationList = 659184BA2985D2A100675CF5 /* Build configuration list for PBXNativeTarget "bedtimestory" */;
			buildPhases = (
				659184A82985D29F00675CF5 /* Sources */,
				659184A92985D29F00675CF5 /* Frameworks */,
				659184AA2985D29F00675CF5 /* Resources */,
			);
			buildRules = (
			);
			dependencies = (
			);
			name = bedtimestory;
			packageProductDependencies = (
				0927A13D2985F086001E4F79 /* FirebaseAuth */,
				0927A13F2985F086001E4F79 /* FirebaseFirestore */,
				0927A1412985F086001E4F79 /* FirebaseFirestoreSwift */,
				0927A1462985F22B001E4F79 /* FirebaseAnalytics */,
			);
			productName = bedtimestory;
			productReference = 659184AC2985D29F00675CF5 /* bedtimestory.app */;
			productType = "com.apple.product-type.application";
		};
/* End PBXNativeTarget section */

/* Begin PBXProject section */
		659184A42985D29F00675CF5 /* Project object */ = {
			isa = PBXProject;
			attributes = {
				BuildIndependentTargetsInParallel = 1;
				LastSwiftUpdateCheck = 1330;
				LastUpgradeCheck = 1330;
				TargetAttributes = {
					659184AB2985D29F00675CF5 = {
						CreatedOnToolsVersion = 13.3;
					};
				};
			};
			buildConfigurationList = 659184A72985D29F00675CF5 /* Build configuration list for PBXProject "bedtimestory" */;
			compatibilityVersion = "Xcode 13.0";
			developmentRegion = en;
			hasScannedForEncodings = 0;
			knownRegions = (
				en,
				Base,
			);
			mainGroup = 659184A32985D29F00675CF5;
			packageReferences = (
				0927A13C2985F086001E4F79 /* XCRemoteSwiftPackageReference "firebase-ios-sdk" */,
				0927A1452985F22B001E4F79 /* XCRemoteSwiftPackageReference "firebase-ios-sdk" */,
			);
			productRefGroup = 659184AD2985D29F00675CF5 /* Products */;
			projectDirPath = "";
			projectRoot = "";
			targets = (
				659184AB2985D29F00675CF5 /* bedtimestory */,
			);
		};
/* End PBXProject section */

/* Begin PBXResourcesBuildPhase section */
		659184AA2985D29F00675CF5 /* Resources */ = {
			isa = PBXResourcesBuildPhase;
			buildActionMask = 2147483647;
			files = (
				659184B72985D2A100675CF5 /* Preview Assets.xcassets in Resources */,
				659184B42985D2A100675CF5 /* Assets.xcassets in Resources */,
				0927A1442985F1AE001E4F79 /* GoogleService-Info.plist in Resources */,
			);
			runOnlyForDeploymentPostprocessing = 0;
		};
/* End PBXResourcesBuildPhase section */

/* Begin PBXSourcesBuildPhase section */
		659184A82985D29F00675CF5 /* Sources */ = {
			isa = PBXSourcesBuildPhase;
			buildActionMask = 2147483647;
			files = (
				0927A1492985F2B7001E4F79 /* AppDelegate.swift in Sources */,
				659184CA2985DE8100675CF5 /* Time.swift in Sources */,
				659184B22985D29F00675CF5 /* ContentView.swift in Sources */,
				659833162985EA7300931545 /* Book.swift in Sources */,
				659184C72985DE3D00675CF5 /* Recording.swift in Sources */,
				659184C42985DDCD00675CF5 /* VoiceViewModel.swift in Sources */,
				659184B02985D29F00675CF5 /* bedtimestoryApp.swift in Sources */,
				659184C12985DD9A00675CF5 /* RecordingListView.swift in Sources */,
			);
			runOnlyForDeploymentPostprocessing = 0;
		};
/* End PBXSourcesBuildPhase section */

/* Begin XCBuildConfiguration section */
		659184B82985D2A100675CF5 /* Debug */ = {
			isa = XCBuildConfiguration;
			buildSettings = {
				ALWAYS_SEARCH_USER_PATHS = NO;
				CLANG_ANALYZER_NONNULL = YES;
				CLANG_ANALYZER_NUMBER_OBJECT_CONVERSION = YES_AGGRESSIVE;
				CLANG_CXX_LANGUAGE_STANDARD = "gnu++17";
				CLANG_ENABLE_MODULES = YES;
				CLANG_ENABLE_OBJC_ARC = YES;
				CLANG_ENABLE_OBJC_WEAK = YES;
				CLANG_WARN_BLOCK_CAPTURE_AUTORELEASING = YES;
				CLANG_WARN_BOOL_CONVERSION = YES;
				CLANG_WARN_COMMA = YES;
				CLANG_WARN_CONSTANT_CONVERSION = YES;
				CLANG_WARN_DEPRECATED_OBJC_IMPLEMENTATIONS = YES;
				CLANG_WARN_DIRECT_OBJC_ISA_USAGE = YES_ERROR;
				CLANG_WARN_DOCUMENTATION_COMMENTS = YES;
				CLANG_WARN_EMPTY_BODY = YES;
				CLANG_WARN_ENUM_CONVERSION = YES;
				CLANG_WARN_INFINITE_RECURSION = YES;
				CLANG_WARN_INT_CONVERSION = YES;
				CLANG_WARN_NON_LITERAL_NULL_CONVERSION = YES;
				CLANG_WARN_OBJC_IMPLICIT_RETAIN_SELF = YES;
				CLANG_WARN_OBJC_LITERAL_CONVERSION = YES;
				CLANG_WARN_OBJC_ROOT_CLASS = YES_ERROR;
				CLANG_WARN_QUOTED_INCLUDE_IN_FRAMEWORK_HEADER = YES;
				CLANG_WARN_RANGE_LOOP_ANALYSIS = YES;
				CLANG_WARN_STRICT_PROTOTYPES = YES;
				CLANG_WARN_SUSPICIOUS_MOVE = YES;
				CLANG_WARN_UNGUARDED_AVAILABILITY = YES_AGGRESSIVE;
				CLANG_WARN_UNREACHABLE_CODE = YES;
				CLANG_WARN__DUPLICATE_METHOD_MATCH = YES;
				COPY_PHASE_STRIP = NO;
				DEBUG_INFORMATION_FORMAT = dwarf;
				ENABLE_STRICT_OBJC_MSGSEND = YES;
				ENABLE_TESTABILITY = YES;
				GCC_C_LANGUAGE_STANDARD = gnu11;
				GCC_DYNAMIC_NO_PIC = NO;
				GCC_NO_COMMON_BLOCKS = YES;
				GCC_OPTIMIZATION_LEVEL = 0;
				GCC_PREPROCESSOR_DEFINITIONS = (
					"DEBUG=1",
					"$(inherited)",
				);
				GCC_WARN_64_TO_32_BIT_CONVERSION = YES;
				GCC_WARN_ABOUT_RETURN_TYPE = YES_ERROR;
				GCC_WARN_UNDECLARED_SELECTOR = YES;
				GCC_WARN_UNINITIALIZED_AUTOS = YES_AGGRESSIVE;
				GCC_WARN_UNUSED_FUNCTION = YES;
				GCC_WARN_UNUSED_VARIABLE = YES;
				IPHONEOS_DEPLOYMENT_TARGET = 15.4;
				MTL_ENABLE_DEBUG_INFO = INCLUDE_SOURCE;
				MTL_FAST_MATH = YES;
				ONLY_ACTIVE_ARCH = YES;
				SDKROOT = iphoneos;
				SWIFT_ACTIVE_COMPILATION_CONDITIONS = DEBUG;
				SWIFT_OPTIMIZATION_LEVEL = "-Onone";
			};
			name = Debug;
		};
		659184B92985D2A100675CF5 /* Release */ = {
			isa = XCBuildConfiguration;
			buildSettings = {
				ALWAYS_SEARCH_USER_PATHS = NO;
				CLANG_ANALYZER_NONNULL = YES;
				CLANG_ANALYZER_NUMBER_OBJECT_CONVERSION = YES_AGGRESSIVE;
				CLANG_CXX_LANGUAGE_STANDARD = "gnu++17";
				CLANG_ENABLE_MODULES = YES;
				CLANG_ENABLE_OBJC_ARC = YES;
				CLANG_ENABLE_OBJC_WEAK = YES;
				CLANG_WARN_BLOCK_CAPTURE_AUTORELEASING = YES;
				CLANG_WARN_BOOL_CONVERSION = YES;
				CLANG_WARN_COMMA = YES;
				CLANG_WARN_CONSTANT_CONVERSION = YES;
				CLANG_WARN_DEPRECATED_OBJC_IMPLEMENTATIONS = YES;
				CLANG_WARN_DIRECT_OBJC_ISA_USAGE = YES_ERROR;
				CLANG_WARN_DOCUMENTATION_COMMENTS = YES;
				CLANG_WARN_EMPTY_BODY = YES;
				CLANG_WARN_ENUM_CONVERSION = YES;
				CLANG_WARN_INFINITE_RECURSION = YES;
				CLANG_WARN_INT_CONVERSION = YES;
				CLANG_WARN_NON_LITERAL_NULL_CONVERSION = YES;
				CLANG_WARN_OBJC_IMPLICIT_RETAIN_SELF = YES;
				CLANG_WARN_OBJC_LITERAL_CONVERSION = YES;
				CLANG_WARN_OBJC_ROOT_CLASS = YES_ERROR;
				CLANG_WARN_QUOTED_INCLUDE_IN_FRAMEWORK_HEADER = YES;
				CLANG_WARN_RANGE_LOOP_ANALYSIS = YES;
				CLANG_WARN_STRICT_PROTOTYPES = YES;
				CLANG_WARN_SUSPICIOUS_MOVE = YES;
				CLANG_WARN_UNGUARDED_AVAILABILITY = YES_AGGRESSIVE;
				CLANG_WARN_UNREACHABLE_CODE = YES;
				CLANG_WARN__DUPLICATE_METHOD_MATCH = YES;
				COPY_PHASE_STRIP = NO;
				DEBUG_INFORMATION_FORMAT = "dwarf-with-dsym";
				ENABLE_NS_ASSERTIONS = NO;
				ENABLE_STRICT_OBJC_MSGSEND = YES;
				GCC_C_LANGUAGE_STANDARD = gnu11;
				GCC_NO_COMMON_BLOCKS = YES;
				GCC_WARN_64_TO_32_BIT_CONVERSION = YES;
				GCC_WARN_ABOUT_RETURN_TYPE = YES_ERROR;
				GCC_WARN_UNDECLARED_SELECTOR = YES;
				GCC_WARN_UNINITIALIZED_AUTOS = YES_AGGRESSIVE;
				GCC_WARN_UNUSED_FUNCTION = YES;
				GCC_WARN_UNUSED_VARIABLE = YES;
				IPHONEOS_DEPLOYMENT_TARGET = 15.4;
				MTL_ENABLE_DEBUG_INFO = NO;
				MTL_FAST_MATH = YES;
				SDKROOT = iphoneos;
				SWIFT_COMPILATION_MODE = wholemodule;
				SWIFT_OPTIMIZATION_LEVEL = "-O";
				VALIDATE_PRODUCT = YES;
			};
			name = Release;
		};
		659184BB2985D2A100675CF5 /* Debug */ = {
			isa = XCBuildConfiguration;
			buildSettings = {
				ASSETCATALOG_COMPILER_APPICON_NAME = AppIcon;
				ASSETCATALOG_COMPILER_GLOBAL_ACCENT_COLOR_NAME = AccentColor;
				CODE_SIGN_STYLE = Automatic;
				CURRENT_PROJECT_VERSION = 1;
				DEVELOPMENT_ASSET_PATHS = "\"bedtimestory/Preview Content\"";
				ENABLE_PREVIEWS = YES;
				GENERATE_INFOPLIST_FILE = YES;
				INFOPLIST_KEY_UIApplicationSceneManifest_Generation = YES;
				INFOPLIST_KEY_UIApplicationSupportsIndirectInputEvents = YES;
				INFOPLIST_KEY_UILaunchScreen_Generation = YES;
				INFOPLIST_KEY_UISupportedInterfaceOrientations_iPad = "UIInterfaceOrientationPortrait UIInterfaceOrientationPortraitUpsideDown UIInterfaceOrientationLandscapeLeft UIInterfaceOrientationLandscapeRight";
				INFOPLIST_KEY_UISupportedInterfaceOrientations_iPhone = "UIInterfaceOrientationPortrait UIInterfaceOrientationLandscapeLeft UIInterfaceOrientationLandscapeRight";
				LD_RUNPATH_SEARCH_PATHS = (
					"$(inherited)",
					"@executable_path/Frameworks",
				);
				MARKETING_VERSION = 1.0;
				PRODUCT_BUNDLE_IDENTIFIER = com.willfranzen.bedtimestory;
				PRODUCT_NAME = "$(TARGET_NAME)";
				SWIFT_EMIT_LOC_STRINGS = YES;
				SWIFT_VERSION = 5.0;
				TARGETED_DEVICE_FAMILY = "1,2";
			};
			name = Debug;
		};
		659184BC2985D2A100675CF5 /* Release */ = {
			isa = XCBuildConfiguration;
			buildSettings = {
				ASSETCATALOG_COMPILER_APPICON_NAME = AppIcon;
				ASSETCATALOG_COMPILER_GLOBAL_ACCENT_COLOR_NAME = AccentColor;
				CODE_SIGN_STYLE = Automatic;
				CURRENT_PROJECT_VERSION = 1;
				DEVELOPMENT_ASSET_PATHS = "\"bedtimestory/Preview Content\"";
				ENABLE_PREVIEWS = YES;
				GENERATE_INFOPLIST_FILE = YES;
				INFOPLIST_KEY_UIApplicationSceneManifest_Generation = YES;
				INFOPLIST_KEY_UIApplicationSupportsIndirectInputEvents = YES;
				INFOPLIST_KEY_UILaunchScreen_Generation = YES;
				INFOPLIST_KEY_UISupportedInterfaceOrientations_iPad = "UIInterfaceOrientationPortrait UIInterfaceOrientationPortraitUpsideDown UIInterfaceOrientationLandscapeLeft UIInterfaceOrientationLandscapeRight";
				INFOPLIST_KEY_UISupportedInterfaceOrientations_iPhone = "UIInterfaceOrientationPortrait UIInterfaceOrientationLandscapeLeft UIInterfaceOrientationLandscapeRight";
				LD_RUNPATH_SEARCH_PATHS = (
					"$(inherited)",
					"@executable_path/Frameworks",
				);
				MARKETING_VERSION = 1.0;
				PRODUCT_BUNDLE_IDENTIFIER = com.willfranzen.bedtimestory;
				PRODUCT_NAME = "$(TARGET_NAME)";
				SWIFT_EMIT_LOC_STRINGS = YES;
				SWIFT_VERSION = 5.0;
				TARGETED_DEVICE_FAMILY = "1,2";
			};
			name = Release;
		};
/* End XCBuildConfiguration section */

/* Begin XCConfigurationList section */
		659184A72985D29F00675CF5 /* Build configuration list for PBXProject "bedtimestory" */ = {
			isa = XCConfigurationList;
			buildConfigurations = (
				659184B82985D2A100675CF5 /* Debug */,
				659184B92985D2A100675CF5 /* Release */,
			);
			defaultConfigurationIsVisible = 0;
			defaultConfigurationName = Release;
		};
		659184BA2985D2A100675CF5 /* Build configuration list for PBXNativeTarget "bedtimestory" */ = {
			isa = XCConfigurationList;
			buildConfigurations = (
				659184BB2985D2A100675CF5 /* Debug */,
				659184BC2985D2A100675CF5 /* Release */,
			);
			defaultConfigurationIsVisible = 0;
			defaultConfigurationName = Release;
		};
/* End XCConfigurationList section */

/* Begin XCRemoteSwiftPackageReference section */
		0927A13C2985F086001E4F79 /* XCRemoteSwiftPackageReference "firebase-ios-sdk" */ = {
			isa = XCRemoteSwiftPackageReference;
			repositoryURL = "https://github.com/firebase/firebase-ios-sdk.git";
			requirement = {
				kind = upToNextMajorVersion;
				minimumVersion = 9.0.0;
			};
		};
		0927A1452985F22B001E4F79 /* XCRemoteSwiftPackageReference "firebase-ios-sdk" */ = {
			isa = XCRemoteSwiftPackageReference;
			repositoryURL = "https://github.com/firebase/firebase-ios-sdk.git";
			requirement = {
				kind = upToNextMajorVersion;
				minimumVersion = 9.0.0;
			};
		};
/* End XCRemoteSwiftPackageReference section */

/* Begin XCSwiftPackageProductDependency section */
		0927A13D2985F086001E4F79 /* FirebaseAuth */ = {
			isa = XCSwiftPackageProductDependency;
			package = 0927A13C2985F086001E4F79 /* XCRemoteSwiftPackageReference "firebase-ios-sdk" */;
			productName = FirebaseAuth;
		};
		0927A13F2985F086001E4F79 /* FirebaseFirestore */ = {
			isa = XCSwiftPackageProductDependency;
			package = 0927A13C2985F086001E4F79 /* XCRemoteSwiftPackageReference "firebase-ios-sdk" */;
			productName = FirebaseFirestore;
		};
		0927A1412985F086001E4F79 /* FirebaseFirestoreSwift */ = {
			isa = XCSwiftPackageProductDependency;
			package = 0927A13C2985F086001E4F79 /* XCRemoteSwiftPackageReference "firebase-ios-sdk" */;
			productName = FirebaseFirestoreSwift;
		};
		0927A1462985F22B001E4F79 /* FirebaseAnalytics */ = {
			isa = XCSwiftPackageProductDependency;
			package = 0927A13C2985F086001E4F79 /* XCRemoteSwiftPackageReference "firebase-ios-sdk" */;
			productName = FirebaseAnalytics;
		};
/* End XCSwiftPackageProductDependency section */
	};
	rootObject = 659184A42985D29F00675CF5 /* Project object */;
}
